
Microsoft Visual Studio Solution File, Format Version 12.00
# Visual Studio Version 17
VisualStudioVersion = 17.12.35527.113
MinimumVisualStudioVersion = 10.0.40219.1
Project("{2150E333-8FDC-42A3-9474-1A3956D46DE8}") = "Services", "Services", "{44F08F06-6892-441D-B5D2-AB42730ED830}"
EndProject
Project("{2150E333-8FDC-42A3-9474-1A3956D46DE8}") = "Catalog", "Catalog", "{82ADC60B-9C4D-4FFF-B930-62CC2F7B0326}"
EndProject
Project("{FAE04EC0-301F-11D3-BF4B-00C04F79EFBC}") = "Catalog.API", "Services\Catalog\Catalog.API\Catalog.API.csproj", "{1D3E1F25-59C6-49A0-85F3-C1A8BF52A075}"
EndProject
Project("{2150E333-8FDC-42A3-9474-1A3956D46DE8}") = "BuildingBlocks", "BuildingBlocks", "{409044C6-9A10-4599-AEDB-5E1D26954FC1}"
EndProject
Project("{FAE04EC0-301F-11D3-BF4B-00C04F79EFBC}") = "BuildingBlocks", "BuildingBlocks\BuildingBlocks\BuildingBlocks.csproj", "{B404C797-6A27-410A-B784-9CFB57647028}"
EndProject
Project("{E53339B2-1760-4266-BCC7-CA923CBCF16C}") = "docker-compose", "docker-compose.dcproj", "{FDAF316B-8142-404C-8984-624958729A65}"
EndProject
Project("{2150E333-8FDC-42A3-9474-1A3956D46DE8}") = "Basket", "Basket", "{44927D75-7778-4854-95CA-CDE7B10BA501}"
EndProject
Project("{FAE04EC0-301F-11D3-BF4B-00C04F79EFBC}") = "Basket.API", "Services\Basket\Basket.API\Basket.API.csproj", "{875FF8CA-2714-4EA9-A363-35167ED9F993}"
EndProject
Project("{2150E333-8FDC-42A3-9474-1A3956D46DE8}") = "Discount", "Discount", "{FDB8DD10-A3AC-49DF-B8BC-F2D6B61D5062}"
EndProject
Project("{FAE04EC0-301F-11D3-BF4B-00C04F79EFBC}") = "Discount.Grpc", "Services\Discount\Discount.Grpc\Discount.Grpc.csproj", "{D13D0581-2935-4DB1-B3CD-CC942F9A8CCB}"
EndProject
Project("{2150E333-8FDC-42A3-9474-1A3956D46DE8}") = "Ordering", "Ordering", "{E5BDF86E-7953-4D80-87AD-DCFC7D50BBA2}"
EndProject
Project("{FAE04EC0-301F-11D3-BF4B-00C04F79EFBC}") = "Ordering.API", "Services\Ordering\Ordering.API\Ordering.API.csproj", "{C0655D5F-12A4-4A25-BBA9-1506CAF88E53}"
EndProject
Project("{FAE04EC0-301F-11D3-BF4B-00C04F79EFBC}") = "Ordering.Domain", "Services\Ordering\Ordering.Domain\Ordering.Domain.csproj", "{2192BF95-76FB-4718-87A4-0AFFBB9D64F7}"
EndProject
Project("{FAE04EC0-301F-11D3-BF4B-00C04F79EFBC}") = "Ordering.Application", "Services\Ordering\Ordering.Application\Ordering.Application.csproj", "{5224B2E2-372A-4E01-A3A0-57F6955D6BD8}"
EndProject
Project("{FAE04EC0-301F-11D3-BF4B-00C04F79EFBC}") = "Ordering.Infrastructure", "Services\Ordering\Ordering.Infrastructure\Ordering.Infrastructure.csproj", "{9755860B-010A-4475-B4B6-6AA3C12EABFA}"
EndProject
Project("{FAE04EC0-301F-11D3-BF4B-00C04F79EFBC}") = "BuildingBlocks.Messaging", "BuildingBlocks\BuildingBlocks.Messaging\BuildingBlocks.Messaging.csproj", "{E6FF3034-B5EF-478B-A075-ACA1A56337E6}"
EndProject
Global
	GlobalSection(SolutionConfigurationPlatforms) = preSolution
		Debug|Any CPU = Debug|Any CPU
		Release|Any CPU = Release|Any CPU
	EndGlobalSection
	GlobalSection(ProjectConfigurationPlatforms) = postSolution
		{1D3E1F25-59C6-49A0-85F3-C1A8BF52A075}.Debug|Any CPU.ActiveCfg = Debug|Any CPU
		{1D3E1F25-59C6-49A0-85F3-C1A8BF52A075}.Debug|Any CPU.Build.0 = Debug|Any CPU
		{1D3E1F25-59C6-49A0-85F3-C1A8BF52A075}.Release|Any CPU.ActiveCfg = Release|Any CPU
		{1D3E1F25-59C6-49A0-85F3-C1A8BF52A075}.Release|Any CPU.Build.0 = Release|Any CPU
		{B404C797-6A27-410A-B784-9CFB57647028}.Debug|Any CPU.ActiveCfg = Debug|Any CPU
		{B404C797-6A27-410A-B784-9CFB57647028}.Debug|Any CPU.Build.0 = Debug|Any CPU
		{B404C797-6A27-410A-B784-9CFB57647028}.Release|Any CPU.ActiveCfg = Release|Any CPU
		{B404C797-6A27-410A-B784-9CFB57647028}.Release|Any CPU.Build.0 = Release|Any CPU
		{FDAF316B-8142-404C-8984-624958729A65}.Debug|Any CPU.ActiveCfg = Debug|Any CPU
		{FDAF316B-8142-404C-8984-624958729A65}.Debug|Any CPU.Build.0 = Debug|Any CPU
		{FDAF316B-8142-404C-8984-624958729A65}.Release|Any CPU.ActiveCfg = Release|Any CPU
		{FDAF316B-8142-404C-8984-624958729A65}.Release|Any CPU.Build.0 = Release|Any CPU
		{875FF8CA-2714-4EA9-A363-35167ED9F993}.Debug|Any CPU.ActiveCfg = Debug|Any CPU
		{875FF8CA-2714-4EA9-A363-35167ED9F993}.Debug|Any CPU.Build.0 = Debug|Any CPU
		{875FF8CA-2714-4EA9-A363-35167ED9F993}.Release|Any CPU.ActiveCfg = Release|Any CPU
		{875FF8CA-2714-4EA9-A363-35167ED9F993}.Release|Any CPU.Build.0 = Release|Any CPU
		{D13D0581-2935-4DB1-B3CD-CC942F9A8CCB}.Debug|Any CPU.ActiveCfg = Debug|Any CPU
		{D13D0581-2935-4DB1-B3CD-CC942F9A8CCB}.Debug|Any CPU.Build.0 = Debug|Any CPU
		{D13D0581-2935-4DB1-B3CD-CC942F9A8CCB}.Release|Any CPU.ActiveCfg = Release|Any CPU
		{D13D0581-2935-4DB1-B3CD-CC942F9A8CCB}.Release|Any CPU.Build.0 = Release|Any CPU
		{C0655D5F-12A4-4A25-BBA9-1506CAF88E53}.Debug|Any CPU.ActiveCfg = Debug|Any CPU
		{C0655D5F-12A4-4A25-BBA9-1506CAF88E53}.Debug|Any CPU.Build.0 = Debug|Any CPU
		{C0655D5F-12A4-4A25-BBA9-1506CAF88E53}.Release|Any CPU.ActiveCfg = Release|Any CPU
		{C0655D5F-12A4-4A25-BBA9-1506CAF88E53}.Release|Any CPU.Build.0 = Release|Any CPU
		{2192BF95-76FB-4718-87A4-0AFFBB9D64F7}.Debug|Any CPU.ActiveCfg = Debug|Any CPU
		{2192BF95-76FB-4718-87A4-0AFFBB9D64F7}.Debug|Any CPU.Build.0 = Debug|Any CPU
		{2192BF95-76FB-4718-87A4-0AFFBB9D64F7}.Release|Any CPU.ActiveCfg = Release|Any CPU
		{2192BF95-76FB-4718-87A4-0AFFBB9D64F7}.Release|Any CPU.Build.0 = Release|Any CPU
		{5224B2E2-372A-4E01-A3A0-57F6955D6BD8}.Debug|Any CPU.ActiveCfg = Debug|Any CPU
		{5224B2E2-372A-4E01-A3A0-57F6955D6BD8}.Debug|Any CPU.Build.0 = Debug|Any CPU
		{5224B2E2-372A-4E01-A3A0-57F6955D6BD8}.Release|Any CPU.ActiveCfg = Release|Any CPU
		{5224B2E2-372A-4E01-A3A0-57F6955D6BD8}.Release|Any CPU.Build.0 = Release|Any CPU
		{9755860B-010A-4475-B4B6-6AA3C12EABFA}.Debug|Any CPU.ActiveCfg = Debug|Any CPU
		{9755860B-010A-4475-B4B6-6AA3C12EABFA}.Debug|Any CPU.Build.0 = Debug|Any CPU
		{9755860B-010A-4475-B4B6-6AA3C12EABFA}.Release|Any CPU.ActiveCfg = Release|Any CPU
		{9755860B-010A-4475-B4B6-6AA3C12EABFA}.Release|Any CPU.Build.0 = Release|Any CPU
		{E6FF3034-B5EF-478B-A075-ACA1A56337E6}.Debug|Any CPU.ActiveCfg = Debug|Any CPU
		{E6FF3034-B5EF-478B-A075-ACA1A56337E6}.Debug|Any CPU.Build.0 = Debug|Any CPU
		{E6FF3034-B5EF-478B-A075-ACA1A56337E6}.Release|Any CPU.ActiveCfg = Release|Any CPU
		{E6FF3034-B5EF-478B-A075-ACA1A56337E6}.Release|Any CPU.Build.0 = Release|Any CPU
	EndGlobalSection
	GlobalSection(SolutionProperties) = preSolution
		HideSolutionNode = FALSE
	EndGlobalSection
	GlobalSection(NestedProjects) = preSolution
		{82ADC60B-9C4D-4FFF-B930-62CC2F7B0326} = {44F08F06-6892-441D-B5D2-AB42730ED830}
		{1D3E1F25-59C6-49A0-85F3-C1A8BF52A075} = {82ADC60B-9C4D-4FFF-B930-62CC2F7B0326}
		{B404C797-6A27-410A-B784-9CFB57647028} = {409044C6-9A10-4599-AEDB-5E1D26954FC1}
		{44927D75-7778-4854-95CA-CDE7B10BA501} = {44F08F06-6892-441D-B5D2-AB42730ED830}
		{875FF8CA-2714-4EA9-A363-35167ED9F993} = {44927D75-7778-4854-95CA-CDE7B10BA501}
		{FDB8DD10-A3AC-49DF-B8BC-F2D6B61D5062} = {44F08F06-6892-441D-B5D2-AB42730ED830}
		{D13D0581-2935-4DB1-B3CD-CC942F9A8CCB} = {FDB8DD10-A3AC-49DF-B8BC-F2D6B61D5062}
		{E5BDF86E-7953-4D80-87AD-DCFC7D50BBA2} = {44F08F06-6892-441D-B5D2-AB42730ED830}
		{C0655D5F-12A4-4A25-BBA9-1506CAF88E53} = {E5BDF86E-7953-4D80-87AD-DCFC7D50BBA2}
		{2192BF95-76FB-4718-87A4-0AFFBB9D64F7} = {E5BDF86E-7953-4D80-87AD-DCFC7D50BBA2}
		{5224B2E2-372A-4E01-A3A0-57F6955D6BD8} = {E5BDF86E-7953-4D80-87AD-DCFC7D50BBA2}
		{9755860B-010A-4475-B4B6-6AA3C12EABFA} = {E5BDF86E-7953-4D80-87AD-DCFC7D50BBA2}
		{E6FF3034-B5EF-478B-A075-ACA1A56337E6} = {409044C6-9A10-4599-AEDB-5E1D26954FC1}
	EndGlobalSection
EndGlobal
